// !$*UTF8*$!
{
	archiveVersion = 1;
	classes = {
	};
	objectVersion = 56;
	objects = {

/* Begin PBXBuildFile section */
		BDC4A77E2C58FE1300D1810C /* _ndPagePickTheKillerApp.swift in Sources */ = {isa = PBXBuildFile; fileRef = BDC4A77D2C58FE1300D1810C /* _ndPagePickTheKillerApp.swift */; };
		BDC4A7802C58FE1300D1810C /* ContentView.swift in Sources */ = {isa = PBXBuildFile; fileRef = BDC4A77F2C58FE1300D1810C /* ContentView.swift */; };
		BDC4A7822C58FE1400D1810C /* Assets.xcassets in Resources */ = {isa = PBXBuildFile; fileRef = BDC4A7812C58FE1400D1810C /* Assets.xcassets */; };
		BDC4A7852C58FE1400D1810C /* Preview Assets.xcassets in Resources */ = {isa = PBXBuildFile; fileRef = BDC4A7842C58FE1400D1810C /* Preview Assets.xcassets */; };
		BDC4A78F2C58FE1400D1810C /* _ndPagePickTheKillerTests.swift in Sources */ = {isa = PBXBuildFile; fileRef = BDC4A78E2C58FE1400D1810C /* _ndPagePickTheKillerTests.swift */; };
		BDC4A7992C58FE1400D1810C /* _ndPagePickTheKillerUITests.swift in Sources */ = {isa = PBXBuildFile; fileRef = BDC4A7982C58FE1400D1810C /* _ndPagePickTheKillerUITests.swift */; };
		BDC4A79B2C58FE1400D1810C /* _ndPagePickTheKillerUITestsLaunchTests.swift in Sources */ = {isa = PBXBuildFile; fileRef = BDC4A79A2C58FE1400D1810C /* _ndPagePickTheKillerUITestsLaunchTests.swift */; };
		BDC4A7A82C591C1D00D1810C /* typewriter.swift in Sources */ = {isa = PBXBuildFile; fileRef = BDC4A7A72C591C1D00D1810C /* typewriter.swift */; };
/* End PBXBuildFile section */

/* Begin PBXContainerItemProxy section */
		BDC4A78B2C58FE1400D1810C /* PBXContainerItemProxy */ = {
			isa = PBXContainerItemProxy;
			containerPortal = BDC4A7722C58FE1300D1810C /* Project object */;
			proxyType = 1;
			remoteGlobalIDString = BDC4A7792C58FE1300D1810C;
			remoteInfo = 2ndPagePickTheKiller;
		};
		BDC4A7952C58FE1400D1810C /* PBXContainerItemProxy */ = {
			isa = PBXContainerItemProxy;
			containerPortal = BDC4A7722C58FE1300D1810C /* Project object */;
			proxyType = 1;
			remoteGlobalIDString = BDC4A7792C58FE1300D1810C;
			remoteInfo = 2ndPagePickTheKiller;
		};
/* End PBXContainerItemProxy section */

/* Begin PBXFileReference section */
		BDC4A77A2C58FE1300D1810C /* 2ndPagePickTheKiller.app */ = {isa = PBXFileReference; explicitFileType = wrapper.application; includeInIndex = 0; path = 2ndPagePickTheKiller.app; sourceTree = BUILT_PRODUCTS_DIR; };
		BDC4A77D2C58FE1300D1810C /* _ndPagePickTheKillerApp.swift */ = {isa = PBXFileReference; lastKnownFileType = sourcecode.swift; path = _ndPagePickTheKillerApp.swift; sourceTree = "<group>"; };
		BDC4A77F2C58FE1300D1810C /* ContentView.swift */ = {isa = PBXFileReference; lastKnownFileType = sourcecode.swift; path = ContentView.swift; sourceTree = "<group>"; };
		BDC4A7812C58FE1400D1810C /* Assets.xcassets */ = {isa = PBXFileReference; lastKnownFileType = folder.assetcatalog; path = Assets.xcassets; sourceTree = "<group>"; };
		BDC4A7842C58FE1400D1810C /* Preview Assets.xcassets */ = {isa = PBXFileReference; lastKnownFileType = folder.assetcatalog; path = "Preview Assets.xcassets"; sourceTree = "<group>"; };
		BDC4A78A2C58FE1400D1810C /* 2ndPagePickTheKillerTests.xctest */ = {isa = PBXFileReference; explicitFileType = wrapper.cfbundle; includeInIndex = 0; path = 2ndPagePickTheKillerTests.xctest; sourceTree = BUILT_PRODUCTS_DIR; };
		BDC4A78E2C58FE1400D1810C /* _ndPagePickTheKillerTests.swift */ = {isa = PBXFileReference; lastKnownFileType = sourcecode.swift; path = _ndPagePickTheKillerTests.swift; sourceTree = "<group>"; };
		BDC4A7942C58FE1400D1810C /* 2ndPagePickTheKillerUITests.xctest */ = {isa = PBXFileReference; explicitFileType = wrapper.cfbundle; includeInIndex = 0; path = 2ndPagePickTheKillerUITests.xctest; sourceTree = BUILT_PRODUCTS_DIR; };
		BDC4A7982C58FE1400D1810C /* _ndPagePickTheKillerUITests.swift */ = {isa = PBXFileReference; lastKnownFileType = sourcecode.swift; path = _ndPagePickTheKillerUITests.swift; sourceTree = "<group>"; };
		BDC4A79A2C58FE1400D1810C /* _ndPagePickTheKillerUITestsLaunchTests.swift */ = {isa = PBXFileReference; lastKnownFileType = sourcecode.swift; path = _ndPagePickTheKillerUITestsLaunchTests.swift; sourceTree = "<group>"; };
		BDC4A7A72C591C1D00D1810C /* typewriter.swift */ = {isa = PBXFileReference; lastKnownFileType = sourcecode.swift; path = typewriter.swift; sourceTree = "<group>"; };
/* End PBXFileReference section */

/* Begin PBXFrameworksBuildPhase section */
		BDC4A7772C58FE1300D1810C /* Frameworks */ = {
			isa = PBXFrameworksBuildPhase;
			buildActionMask = 2147483647;
			files = (
			);
			runOnlyForDeploymentPostprocessing = 0;
		};
		BDC4A7872C58FE1400D1810C /* Frameworks */ = {
			isa = PBXFrameworksBuildPhase;
			buildActionMask = 2147483647;
			files = (
			);
			runOnlyForDeploymentPostprocessing = 0;
		};
		BDC4A7912C58FE1400D1810C /* Frameworks */ = {
			isa = PBXFrameworksBuildPhase;
			buildActionMask = 2147483647;
			files = (
			);
			runOnlyForDeploymentPostprocessing = 0;
		};
/* End PBXFrameworksBuildPhase section */

/* Begin PBXGroup section */
		BDC4A7712C58FE1300D1810C = {
			isa = PBXGroup;
			children = (
				BDC4A77C2C58FE1300D1810C /* 2ndPagePickTheKiller */,
				BDC4A78D2C58FE1400D1810C /* 2ndPagePickTheKillerTests */,
				BDC4A7972C58FE1400D1810C /* 2ndPagePickTheKillerUITests */,
				BDC4A77B2C58FE1300D1810C /* Products */,
			);
			sourceTree = "<group>";
		};
		BDC4A77B2C58FE1300D1810C /* Products */ = {
			isa = PBXGroup;
			children = (
				BDC4A77A2C58FE1300D1810C /* 2ndPagePickTheKiller.app */,
				BDC4A78A2C58FE1400D1810C /* 2ndPagePickTheKillerTests.xctest */,
				BDC4A7942C58FE1400D1810C /* 2ndPagePickTheKillerUITests.xctest */,
			);
			name = Products;
			sourceTree = "<group>";
		};
		BDC4A77C2C58FE1300D1810C /* 2ndPagePickTheKiller */ = {
			isa = PBXGroup;
			children = (
				BDC4A77D2C58FE1300D1810C /* _ndPagePickTheKillerApp.swift */,
				BDC4A77F2C58FE1300D1810C /* ContentView.swift */,
				BDC4A7A72C591C1D00D1810C /* typewriter.swift */,
				BDC4A7812C58FE1400D1810C /* Assets.xcassets */,
				BDC4A7832C58FE1400D1810C /* Preview Content */,
			);
			path = 2ndPagePickTheKiller;
			sourceTree = "<group>";
		};
		BDC4A7832C58FE1400D1810C /* Preview Content */ = {
			isa = PBXGroup;
			children = (
				BDC4A7842C58FE1400D1810C /* Preview Assets.xcassets */,
			);
			path = "Preview Content";
			sourceTree = "<group>";
		};
		BDC4A78D2C58FE1400D1810C /* 2ndPagePickTheKillerTests */ = {
			isa = PBXGroup;
			children = (
				BDC4A78E2C58FE1400D1810C /* _ndPagePickTheKillerTests.swift */,
			);
			path = 2ndPagePickTheKillerTests;
			sourceTree = "<group>";
		};
		BDC4A7972C58FE1400D1810C /* 2ndPagePickTheKillerUITests */ = {
			isa = PBXGroup;
			children = (
				BDC4A7982C58FE1400D1810C /* _ndPagePickTheKillerUITests.swift */,
				BDC4A79A2C58FE1400D1810C /* _ndPagePickTheKillerUITestsLaunchTests.swift */,
			);
			path = 2ndPagePickTheKillerUITests;
			sourceTree = "<group>";
		};
/* End PBXGroup section */

/* Begin PBXNativeTarget section */
		BDC4A7792C58FE1300D1810C /* 2ndPagePickTheKiller */ = {
			isa = PBXNativeTarget;
			buildConfigurationList = BDC4A79E2C58FE1400D1810C /* Build configuration list for PBXNativeTarget "2ndPagePickTheKiller" */;
			buildPhases = (
				BDC4A7762C58FE1300D1810C /* Sources */,
				BDC4A7772C58FE1300D1810C /* Frameworks */,
				BDC4A7782C58FE1300D1810C /* Resources */,
			);
			buildRules = (
			);
			dependencies = (
			);
			name = 2ndPagePickTheKiller;
			productName = 2ndPagePickTheKiller;
			productReference = BDC4A77A2C58FE1300D1810C /* 2ndPagePickTheKiller.app */;
			productType = "com.apple.product-type.application";
		};
		BDC4A7892C58FE1400D1810C /* 2ndPagePickTheKillerTests */ = {
			isa = PBXNativeTarget;
			buildConfigurationList = BDC4A7A12C58FE1400D1810C /* Build configuration list for PBXNativeTarget "2ndPagePickTheKillerTests" */;
			buildPhases = (
				BDC4A7862C58FE1400D1810C /* Sources */,
				BDC4A7872C58FE1400D1810C /* Frameworks */,
				BDC4A7882C58FE1400D1810C /* Resources */,
			);
			buildRules = (
			);
			dependencies = (
				BDC4A78C2C58FE1400D1810C /* PBXTargetDependency */,
			);
			name = 2ndPagePickTheKillerTests;
			productName = 2ndPagePickTheKillerTests;
			productReference = BDC4A78A2C58FE1400D1810C /* 2ndPagePickTheKillerTests.xctest */;
			productType = "com.apple.product-type.bundle.unit-test";
		};
		BDC4A7932C58FE1400D1810C /* 2ndPagePickTheKillerUITests */ = {
			isa = PBXNativeTarget;
			buildConfigurationList = BDC4A7A42C58FE1400D1810C /* Build configuration list for PBXNativeTarget "2ndPagePickTheKillerUITests" */;
			buildPhases = (
				BDC4A7902C58FE1400D1810C /* Sources */,
				BDC4A7912C58FE1400D1810C /* Frameworks */,
				BDC4A7922C58FE1400D1810C /* Resources */,
			);
			buildRules = (
			);
			dependencies = (
				BDC4A7962C58FE1400D1810C /* PBXTargetDependency */,
			);
			name = 2ndPagePickTheKillerUITests;
			productName = 2ndPagePickTheKillerUITests;
			productReference = BDC4A7942C58FE1400D1810C /* 2ndPagePickTheKillerUITests.xctest */;
			productType = "com.apple.product-type.bundle.ui-testing";
		};
/* End PBXNativeTarget section */

/* Begin PBXProject section */
		BDC4A7722C58FE1300D1810C /* Project object */ = {
			isa = PBXProject;
			attributes = {
				BuildIndependentTargetsInParallel = 1;
				LastSwiftUpdateCheck = 1540;
				LastUpgradeCheck = 1540;
				TargetAttributes = {
					BDC4A7792C58FE1300D1810C = {
						CreatedOnToolsVersion = 15.4;
					};
					BDC4A7892C58FE1400D1810C = {
						CreatedOnToolsVersion = 15.4;
						TestTargetID = BDC4A7792C58FE1300D1810C;
					};
					BDC4A7932C58FE1400D1810C = {
						CreatedOnToolsVersion = 15.4;
						TestTargetID = BDC4A7792C58FE1300D1810C;
					};
				};
			};
			buildConfigurationList = BDC4A7752C58FE1300D1810C /* Build configuration list for PBXProject "2ndPagePickTheKiller" */;
			compatibilityVersion = "Xcode 14.0";
			developmentRegion = en;
			hasScannedForEncodings = 0;
			knownRegions = (
				en,
				Base,
			);
			mainGroup = BDC4A7712C58FE1300D1810C;
			productRefGroup = BDC4A77B2C58FE1300D1810C /* Products */;
			projectDirPath = "";
			projectRoot = "";
			targets = (
				BDC4A7792C58FE1300D1810C /* 2ndPagePickTheKiller */,
				BDC4A7892C58FE1400D1810C /* 2ndPagePickTheKillerTests */,
				BDC4A7932C58FE1400D1810C /* 2ndPagePickTheKillerUITests */,
			);
		};
/* End PBXProject section */

/* Begin PBXResourcesBuildPhase section */
		BDC4A7782C58FE1300D1810C /* Resources */ = {
			isa = PBXResourcesBuildPhase;
			buildActionMask = 2147483647;
			files = (
				BDC4A7852C58FE1400D1810C /* Preview Assets.xcassets in Resources */,
				BDC4A7822C58FE1400D1810C /* Assets.xcassets in Resources */,
			);
			runOnlyForDeploymentPostprocessing = 0;
		};
		BDC4A7882C58FE1400D1810C /* Resources */ = {
			isa = PBXResourcesBuildPhase;
			buildActionMask = 2147483647;
			files = (
			);
			runOnlyForDeploymentPostprocessing = 0;
		};
		BDC4A7922C58FE1400D1810C /* Resources */ = {
			isa = PBXResourcesBuildPhase;
			buildActionMask = 2147483647;
			files = (
			);
			runOnlyForDeploymentPostprocessing = 0;
		};
/* End PBXResourcesBuildPhase section */

/* Begin PBXSourcesBuildPhase section */
		BDC4A7762C58FE1300D1810C /* Sources */ = {
			isa = PBXSourcesBuildPhase;
			buildActionMask = 2147483647;
			files = (
				BDC4A7802C58FE1300D1810C /* ContentView.swift in Sources */,
				BDC4A7A82C591C1D00D1810C /* typewriter.swift in Sources */,
				BDC4A77E2C58FE1300D1810C /* _ndPagePickTheKillerApp.swift in Sources */,
			);
			runOnlyForDeploymentPostprocessing = 0;
		};
		BDC4A7862C58FE1400D1810C /* Sources */ = {
			isa = PBXSourcesBuildPhase;
			buildActionMask = 2147483647;
			files = (
				BDC4A78F2C58FE1400D1810C /* _ndPagePickTheKillerTests.swift in Sources */,
			);
			runOnlyForDeploymentPostprocessing = 0;
		};
		BDC4A7902C58FE1400D1810C /* Sources */ = {
			isa = PBXSourcesBuildPhase;
			buildActionMask = 2147483647;
			files = (
				BDC4A7992C58FE1400D1810C /* _ndPagePickTheKillerUITests.swift in Sources */,
				BDC4A79B2C58FE1400D1810C /* _ndPagePickTheKillerUITestsLaunchTests.swift in Sources */,
			);
			runOnlyForDeploymentPostprocessing = 0;
		};
/* End PBXSourcesBuildPhase section */

/* Begin PBXTargetDependency section */
		BDC4A78C2C58FE1400D1810C /* PBXTargetDependency */ = {
			isa = PBXTargetDependency;
			target = BDC4A7792C58FE1300D1810C /* 2ndPagePickTheKiller */;
			targetProxy = BDC4A78B2C58FE1400D1810C /* PBXContainerItemProxy */;
		};
		BDC4A7962C58FE1400D1810C /* PBXTargetDependency */ = {
			isa = PBXTargetDependency;
			target = BDC4A7792C58FE1300D1810C /* 2ndPagePickTheKiller */;
			targetProxy = BDC4A7952C58FE1400D1810C /* PBXContainerItemProxy */;
		};
/* End PBXTargetDependency section */

/* Begin XCBuildConfiguration section */
		BDC4A79C2C58FE1400D1810C /* Debug */ = {
			isa = XCBuildConfiguration;
			buildSettings = {
				ALWAYS_SEARCH_USER_PATHS = NO;
				ASSETCATALOG_COMPILER_GENERATE_SWIFT_ASSET_SYMBOL_EXTENSIONS = YES;
				CLANG_ANALYZER_NONNULL = YES;
				CLANG_ANALYZER_NUMBER_OBJECT_CONVERSION = YES_AGGRESSIVE;
				CLANG_CXX_LANGUAGE_STANDARD = "gnu++20";
				CLANG_ENABLE_MODULES = YES;
				CLANG_ENABLE_OBJC_ARC = YES;
				CLANG_ENABLE_OBJC_WEAK = YES;
				CLANG_WARN_BLOCK_CAPTURE_AUTORELEASING = YES;
				CLANG_WARN_BOOL_CONVERSION = YES;
				CLANG_WARN_COMMA = YES;
				CLANG_WARN_CONSTANT_CONVERSION = YES;
				CLANG_WARN_DEPRECATED_OBJC_IMPLEMENTATIONS = YES;
				CLANG_WARN_DIRECT_OBJC_ISA_USAGE = YES_ERROR;
				CLANG_WARN_DOCUMENTATION_COMMENTS = YES;
				CLANG_WARN_EMPTY_BODY = YES;
				CLANG_WARN_ENUM_CONVERSION = YES;
				CLANG_WARN_INFINITE_RECURSION = YES;
				CLANG_WARN_INT_CONVERSION = YES;
				CLANG_WARN_NON_LITERAL_NULL_CONVERSION = YES;
				CLANG_WARN_OBJC_IMPLICIT_RETAIN_SELF = YES;
				CLANG_WARN_OBJC_LITERAL_CONVERSION = YES;
				CLANG_WARN_OBJC_ROOT_CLASS = YES_ERROR;
				CLANG_WARN_QUOTED_INCLUDE_IN_FRAMEWORK_HEADER = YES;
				CLANG_WARN_RANGE_LOOP_ANALYSIS = YES;
				CLANG_WARN_STRICT_PROTOTYPES = YES;
				CLANG_WARN_SUSPICIOUS_MOVE = YES;
				CLANG_WARN_UNGUARDED_AVAILABILITY = YES_AGGRESSIVE;
				CLANG_WARN_UNREACHABLE_CODE = YES;
				CLANG_WARN__DUPLICATE_METHOD_MATCH = YES;
				COPY_PHASE_STRIP = NO;
				DEBUG_INFORMATION_FORMAT = dwarf;
				ENABLE_STRICT_OBJC_MSGSEND = YES;
				ENABLE_TESTABILITY = YES;
				ENABLE_USER_SCRIPT_SANDBOXING = YES;
				GCC_C_LANGUAGE_STANDARD = gnu17;
				GCC_DYNAMIC_NO_PIC = NO;
				GCC_NO_COMMON_BLOCKS = YES;
				GCC_OPTIMIZATION_LEVEL = 0;
				GCC_PREPROCESSOR_DEFINITIONS = (
					"DEBUG=1",
					"$(inherited)",
				);
				GCC_WARN_64_TO_32_BIT_CONVERSION = YES;
				GCC_WARN_ABOUT_RETURN_TYPE = YES_ERROR;
				GCC_WARN_UNDECLARED_SELECTOR = YES;
				GCC_WARN_UNINITIALIZED_AUTOS = YES_AGGRESSIVE;
				GCC_WARN_UNUSED_FUNCTION = YES;
				GCC_WARN_UNUSED_VARIABLE = YES;
				IPHONEOS_DEPLOYMENT_TARGET = 17.5;
				LOCALIZATION_PREFERS_STRING_CATALOGS = YES;
				MTL_ENABLE_DEBUG_INFO = INCLUDE_SOURCE;
				MTL_FAST_MATH = YES;
				ONLY_ACTIVE_ARCH = YES;
				SDKROOT = iphoneos;
				SWIFT_ACTIVE_COMPILATION_CONDITIONS = "DEBUG $(inherited)";
				SWIFT_OPTIMIZATION_LEVEL = "-Onone";
			};
			name = Debug;
		};
		BDC4A79D2C58FE1400D1810C /* Release */ = {
			isa = XCBuildConfiguration;
			buildSettings = {
				ALWAYS_SEARCH_USER_PATHS = NO;
				ASSETCATALOG_COMPILER_GENERATE_SWIFT_ASSET_SYMBOL_EXTENSIONS = YES;
				CLANG_ANALYZER_NONNULL = YES;
				CLANG_ANALYZER_NUMBER_OBJECT_CONVERSION = YES_AGGRESSIVE;
				CLANG_CXX_LANGUAGE_STANDARD = "gnu++20";
				CLANG_ENABLE_MODULES = YES;
				CLANG_ENABLE_OBJC_ARC = YES;
				CLANG_ENABLE_OBJC_WEAK = YES;
				CLANG_WARN_BLOCK_CAPTURE_AUTORELEASING = YES;
				CLANG_WARN_BOOL_CONVERSION = YES;
				CLANG_WARN_COMMA = YES;
				CLANG_WARN_CONSTANT_CONVERSION = YES;
				CLANG_WARN_DEPRECATED_OBJC_IMPLEMENTATIONS = YES;
				CLANG_WARN_DIRECT_OBJC_ISA_USAGE = YES_ERROR;
				CLANG_WARN_DOCUMENTATION_COMMENTS = YES;
				CLANG_WARN_EMPTY_BODY = YES;
				CLANG_WARN_ENUM_CONVERSION = YES;
				CLANG_WARN_INFINITE_RECURSION = YES;
				CLANG_WARN_INT_CONVERSION = YES;
				CLANG_WARN_NON_LITERAL_NULL_CONVERSION = YES;
				CLANG_WARN_OBJC_IMPLICIT_RETAIN_SELF = YES;
				CLANG_WARN_OBJC_LITERAL_CONVERSION = YES;
				CLANG_WARN_OBJC_ROOT_CLASS = YES_ERROR;
				CLANG_WARN_QUOTED_INCLUDE_IN_FRAMEWORK_HEADER = YES;
				CLANG_WARN_RANGE_LOOP_ANALYSIS = YES;
				CLANG_WARN_STRICT_PROTOTYPES = YES;
				CLANG_WARN_SUSPICIOUS_MOVE = YES;
				CLANG_WARN_UNGUARDED_AVAILABILITY = YES_AGGRESSIVE;
				CLANG_WARN_UNREACHABLE_CODE = YES;
				CLANG_WARN__DUPLICATE_METHOD_MATCH = YES;
				COPY_PHASE_STRIP = NO;
				DEBUG_INFORMATION_FORMAT = "dwarf-with-dsym";
				ENABLE_NS_ASSERTIONS = NO;
				ENABLE_STRICT_OBJC_MSGSEND = YES;
				ENABLE_USER_SCRIPT_SANDBOXING = YES;
				GCC_C_LANGUAGE_STANDARD = gnu17;
				GCC_NO_COMMON_BLOCKS = YES;
				GCC_WARN_64_TO_32_BIT_CONVERSION = YES;
				GCC_WARN_ABOUT_RETURN_TYPE = YES_ERROR;
				GCC_WARN_UNDECLARED_SELECTOR = YES;
				GCC_WARN_UNINITIALIZED_AUTOS = YES_AGGRESSIVE;
				GCC_WARN_UNUSED_FUNCTION = YES;
				GCC_WARN_UNUSED_VARIABLE = YES;
				IPHONEOS_DEPLOYMENT_TARGET = 17.5;
				LOCALIZATION_PREFERS_STRING_CATALOGS = YES;
				MTL_ENABLE_DEBUG_INFO = NO;
				MTL_FAST_MATH = YES;
				SDKROOT = iphoneos;
				SWIFT_COMPILATION_MODE = wholemodule;
				VALIDATE_PRODUCT = YES;
			};
			name = Release;
		};
		BDC4A79F2C58FE1400D1810C /* Debug */ = {
			isa = XCBuildConfiguration;
			buildSettings = {
				ASSETCATALOG_COMPILER_APPICON_NAME = AppIcon;
				ASSETCATALOG_COMPILER_GLOBAL_ACCENT_COLOR_NAME = AccentColor;
				CODE_SIGN_STYLE = Automatic;
				CURRENT_PROJECT_VERSION = 1;
				DEVELOPMENT_ASSET_PATHS = "\"2ndPagePickTheKiller/Preview Content\"";
				ENABLE_PREVIEWS = YES;
				GENERATE_INFOPLIST_FILE = YES;
				INFOPLIST_KEY_UIApplicationSceneManifest_Generation = YES;
				INFOPLIST_KEY_UIApplicationSupportsIndirectInputEvents = YES;
				INFOPLIST_KEY_UILaunchScreen_Generation = YES;
				INFOPLIST_KEY_UISupportedInterfaceOrientations_iPad = "UIInterfaceOrientationPortrait UIInterfaceOrientationPortraitUpsideDown UIInterfaceOrientationLandscapeLeft UIInterfaceOrientationLandscapeRight";
				INFOPLIST_KEY_UISupportedInterfaceOrientations_iPhone = "UIInterfaceOrientationPortrait UIInterfaceOrientationLandscapeLeft UIInterfaceOrientationLandscapeRight";
				LD_RUNPATH_SEARCH_PATHS = (
					"$(inherited)",
					"@executable_path/Frameworks",
				);
				MARKETING_VERSION = 1.0;
				PRODUCT_BUNDLE_IDENTIFIER = "kwk7.-ndPagePickTheKiller";
				PRODUCT_NAME = "$(TARGET_NAME)";
				SWIFT_EMIT_LOC_STRINGS = YES;
				SWIFT_VERSION = 5.0;
				TARGETED_DEVICE_FAMILY = "1,2";
			};
			name = Debug;
		};
		BDC4A7A02C58FE1400D1810C /* Release */ = {
			isa = XCBuildConfiguration;
			buildSettings = {
				ASSETCATALOG_COMPILER_APPICON_NAME = AppIcon;
				ASSETCATALOG_COMPILER_GLOBAL_ACCENT_COLOR_NAME = AccentColor;
				CODE_SIGN_STYLE = Automatic;
				CURRENT_PROJECT_VERSION = 1;
				DEVELOPMENT_ASSET_PATHS = "\"2ndPagePickTheKiller/Preview Content\"";
				ENABLE_PREVIEWS = YES;
				GENERATE_INFOPLIST_FILE = YES;
				INFOPLIST_KEY_UIApplicationSceneManifest_Generation = YES;
				INFOPLIST_KEY_UIApplicationSupportsIndirectInputEvents = YES;
				INFOPLIST_KEY_UILaunchScreen_Generation = YES;
				INFOPLIST_KEY_UISupportedInterfaceOrientations_iPad = "UIInterfaceOrientationPortrait UIInterfaceOrientationPortraitUpsideDown UIInterfaceOrientationLandscapeLeft UIInterfaceOrientationLandscapeRight";
				INFOPLIST_KEY_UISupportedInterfaceOrientations_iPhone = "UIInterfaceOrientationPortrait UIInterfaceOrientationLandscapeLeft UIInterfaceOrientationLandscapeRight";
				LD_RUNPATH_SEARCH_PATHS = (
					"$(inherited)",
					"@executable_path/Frameworks",
				);
				MARKETING_VERSION = 1.0;
				PRODUCT_BUNDLE_IDENTIFIER = "kwk7.-ndPagePickTheKiller";
				PRODUCT_NAME = "$(TARGET_NAME)";
				SWIFT_EMIT_LOC_STRINGS = YES;
				SWIFT_VERSION = 5.0;
				TARGETED_DEVICE_FAMILY = "1,2";
			};
			name = Release;
		};
		BDC4A7A22C58FE1400D1810C /* Debug */ = {
			isa = XCBuildConfiguration;
			buildSettings = {
				ALWAYS_EMBED_SWIFT_STANDARD_LIBRARIES = YES;
				BUNDLE_LOADER = "$(TEST_HOST)";
				CODE_SIGN_STYLE = Automatic;
				CURRENT_PROJECT_VERSION = 1;
				GENERATE_INFOPLIST_FILE = YES;
				IPHONEOS_DEPLOYMENT_TARGET = 17.5;
				MARKETING_VERSION = 1.0;
				PRODUCT_BUNDLE_IDENTIFIER = "kwk7.-ndPagePickTheKillerTests";
				PRODUCT_NAME = "$(TARGET_NAME)";
				SWIFT_EMIT_LOC_STRINGS = NO;
				SWIFT_VERSION = 5.0;
				TARGETED_DEVICE_FAMILY = "1,2";
				TEST_HOST = "$(BUILT_PRODUCTS_DIR)/2ndPagePickTheKiller.app/$(BUNDLE_EXECUTABLE_FOLDER_PATH)/2ndPagePickTheKiller";
			};
			name = Debug;
		};
		BDC4A7A32C58FE1400D1810C /* Release */ = {
			isa = XCBuildConfiguration;
			buildSettings = {
				ALWAYS_EMBED_SWIFT_STANDARD_LIBRARIES = YES;
				BUNDLE_LOADER = "$(TEST_HOST)";
				CODE_SIGN_STYLE = Automatic;
				CURRENT_PROJECT_VERSION = 1;
				GENERATE_INFOPLIST_FILE = YES;
				IPHONEOS_DEPLOYMENT_TARGET = 17.5;
				MARKETING_VERSION = 1.0;
				PRODUCT_BUNDLE_IDENTIFIER = "kwk7.-ndPagePickTheKillerTests";
				PRODUCT_NAME = "$(TARGET_NAME)";
				SWIFT_EMIT_LOC_STRINGS = NO;
				SWIFT_VERSION = 5.0;
				TARGETED_DEVICE_FAMILY = "1,2";
				TEST_HOST = "$(BUILT_PRODUCTS_DIR)/2ndPagePickTheKiller.app/$(BUNDLE_EXECUTABLE_FOLDER_PATH)/2ndPagePickTheKiller";
			};
			name = Release;
		};
		BDC4A7A52C58FE1400D1810C /* Debug */ = {
			isa = XCBuildConfiguration;
			buildSettings = {
				ALWAYS_EMBED_SWIFT_STANDARD_LIBRARIES = YES;
				CODE_SIGN_STYLE = Automatic;
				CURRENT_PROJECT_VERSION = 1;
				GENERATE_INFOPLIST_FILE = YES;
				MARKETING_VERSION = 1.0;
				PRODUCT_BUNDLE_IDENTIFIER = "kwk7.-ndPagePickTheKillerUITests";
				PRODUCT_NAME = "$(TARGET_NAME)";
				SWIFT_EMIT_LOC_STRINGS = NO;
				SWIFT_VERSION = 5.0;
				TARGETED_DEVICE_FAMILY = "1,2";
				TEST_TARGET_NAME = 2ndPagePickTheKiller;
			};
			name = Debug;
		};
		BDC4A7A62C58FE1400D1810C /* Release */ = {
			isa = XCBuildConfiguration;
			buildSettings = {
				ALWAYS_EMBED_SWIFT_STANDARD_LIBRARIES = YES;
				CODE_SIGN_STYLE = Automatic;
				CURRENT_PROJECT_VERSION = 1;
				GENERATE_INFOPLIST_FILE = YES;
				MARKETING_VERSION = 1.0;
				PRODUCT_BUNDLE_IDENTIFIER = "kwk7.-ndPagePickTheKillerUITests";
				PRODUCT_NAME = "$(TARGET_NAME)";
				SWIFT_EMIT_LOC_STRINGS = NO;
				SWIFT_VERSION = 5.0;
				TARGETED_DEVICE_FAMILY = "1,2";
				TEST_TARGET_NAME = 2ndPagePickTheKiller;
			};
			name = Release;
		};
/* End XCBuildConfiguration section */

/* Begin XCConfigurationList section */
		BDC4A7752C58FE1300D1810C /* Build configuration list for PBXProject "2ndPagePickTheKiller" */ = {
			isa = XCConfigurationList;
			buildConfigurations = (
				BDC4A79C2C58FE1400D1810C /* Debug */,
				BDC4A79D2C58FE1400D1810C /* Release */,
			);
			defaultConfigurationIsVisible = 0;
			defaultConfigurationName = Release;
		};
		BDC4A79E2C58FE1400D1810C /* Build configuration list for PBXNativeTarget "2ndPagePickTheKiller" */ = {
			isa = XCConfigurationList;
			buildConfigurations = (
				BDC4A79F2C58FE1400D1810C /* Debug */,
				BDC4A7A02C58FE1400D1810C /* Release */,
			);
			defaultConfigurationIsVisible = 0;
			defaultConfigurationName = Release;
		};
		BDC4A7A12C58FE1400D1810C /* Build configuration list for PBXNativeTarget "2ndPagePickTheKillerTests" */ = {
			isa = XCConfigurationList;
			buildConfigurations = (
				BDC4A7A22C58FE1400D1810C /* Debug */,
				BDC4A7A32C58FE1400D1810C /* Release */,
			);
			defaultConfigurationIsVisible = 0;
			defaultConfigurationName = Release;
		};
		BDC4A7A42C58FE1400D1810C /* Build configuration list for PBXNativeTarget "2ndPagePickTheKillerUITests" */ = {
			isa = XCConfigurationList;
			buildConfigurations = (
				BDC4A7A52C58FE1400D1810C /* Debug */,
				BDC4A7A62C58FE1400D1810C /* Release */,
			);
			defaultConfigurationIsVisible = 0;
			defaultConfigurationName = Release;
		};
/* End XCConfigurationList section */
	};
	rootObject = BDC4A7722C58FE1300D1810C /* Project object */;
}
